
Microsoft Visual Studio Solution File, Format Version 12.00
# Visual Studio Version 17
VisualStudioVersion = 17.5.33530.505
MinimumVisualStudioVersion = 10.0.40219.1
Project("{FAE04EC0-301F-11D3-BF4B-00C04F79EFBC}") = "Crud_AspNet_Core7_Dapper", "Crud_AspNet_Core7_Dapper.csproj", "{520A33F0-004C-4E9C-8668-C65966DE08B3}"
EndProject
Global
	GlobalSection(SolutionConfigurationPlatforms) = preSolution
		Debug|Any CPU = Debug|Any CPU
		Release|Any CPU = Release|Any CPU
	EndGlobalSection
	GlobalSection(ProjectConfigurationPlatforms) = postSolution
		{520A33F0-004C-4E9C-8668-C65966DE08B3}.Debug|Any CPU.ActiveCfg = Debug|Any CPU
		{520A33F0-004C-4E9C-8668-C65966DE08B3}.Debug|Any CPU.Build.0 = Debug|Any CPU
		{520A33F0-004C-4E9C-8668-C65966DE08B3}.Release|Any CPU.ActiveCfg = Release|Any CPU
		{520A33F0-004C-4E9C-8668-C65966DE08B3}.Release|Any CPU.Build.0 = Release|Any CPU
	EndGlobalSection
	GlobalSection(SolutionProperties) = preSolution
		HideSolutionNode = FALSE
	EndGlobalSection
	GlobalSection(ExtensibilityGlobals) = postSolution
		SolutionGuid = {20132E0C-DD73-49AF-8121-C018DD3D9650}
	EndGlobalSection
EndGlobal
